
Microsoft Visual Studio Solution File, Format Version 12.00
# Visual Studio Version 17
VisualStudioVersion = 17.13.35825.156 d17.13
MinimumVisualStudioVersion = 10.0.40219.1
Project("{FAE04EC0-301F-11D3-BF4B-00C04F79EFBC}") = "PhuDHT_NET1717_Spring25FE", "PhuDHT_NET1717_Spring25FE.csproj", "{D7C5EAC5-D51E-4696-A050-2E07B2F61786}"
EndProject
Global
	GlobalSection(SolutionConfigurationPlatforms) = preSolution
		Debug|Any CPU = Debug|Any CPU
		Release|Any CPU = Release|Any CPU
	EndGlobalSection
	GlobalSection(ProjectConfigurationPlatforms) = postSolution
		{D7C5EAC5-D51E-4696-A050-2E07B2F61786}.Debug|Any CPU.ActiveCfg = Debug|Any CPU
		{D7C5EAC5-D51E-4696-A050-2E07B2F61786}.Debug|Any CPU.Build.0 = Debug|Any CPU
		{D7C5EAC5-D51E-4696-A050-2E07B2F61786}.Release|Any CPU.ActiveCfg = Release|Any CPU
		{D7C5EAC5-D51E-4696-A050-2E07B2F61786}.Release|Any CPU.Build.0 = Release|Any CPU
	EndGlobalSection
	GlobalSection(SolutionProperties) = preSolution
		HideSolutionNode = FALSE
	EndGlobalSection
	GlobalSection(ExtensibilityGlobals) = postSolution
		SolutionGuid = {0A398436-58FF-49A4-9B8F-7A9CD764A6C1}
	EndGlobalSection
EndGlobal
